// !$*UTF8*$!
{
	archiveVersion = 1;
	classes = {
	};
	objectVersion = 77;
	objects = {

/* Begin PBXBuildFile section */
		170566C85314AC4A2FEB46DE /* TrackAnalysisTests.swift in Sources */ = {isa = PBXBuildFile; fileRef = 4F1524C5706C8153F2068B56 /* TrackAnalysisTests.swift */; };
		2791E14F3AC460B2BEE28B85 /* AudioEngineTests.swift in Sources */ = {isa = PBXBuildFile; fileRef = 521777D67BC2502BC0D6E99F /* AudioEngineTests.swift */; };
		34FF45C280143157A0857F52 /* ContentView.swift in Sources */ = {isa = PBXBuildFile; fileRef = 2186B684F94740C4334F974F /* ContentView.swift */; };
		3A4562BC8654BD495DE7A77C /* LoopRegion.swift in Sources */ = {isa = PBXBuildFile; fileRef = 1AB80366F01A6405A511CD73 /* LoopRegion.swift */; };
		785D10F3EC93D4386E6E18F9 /* AudioSection.swift in Sources */ = {isa = PBXBuildFile; fileRef = 6AB8B7EC78716DFB858C2274 /* AudioSection.swift */; };
		A44ABC5715449232881FEF2A /* LoopRegionTests.swift in Sources */ = {isa = PBXBuildFile; fileRef = AB55C97EE8D9174F2C168E60 /* LoopRegionTests.swift */; };
		C339330ACCB11423558D7164 /* TrackAnalysis.swift in Sources */ = {isa = PBXBuildFile; fileRef = 7A5D5329004D98673486A598 /* TrackAnalysis.swift */; };
		CAD3D2C0E3CD0C4850EFE74C /* ThePlayerTests.swift in Sources */ = {isa = PBXBuildFile; fileRef = 25E6BE5FCB69D04322BDEA0A /* ThePlayerTests.swift */; };
		FA4E61AC6A7BC183DF97D905 /* ThePlayerApp.swift in Sources */ = {isa = PBXBuildFile; fileRef = 9C79D8D2FE894770473CC4CE /* ThePlayerApp.swift */; };
		FD2097AFCF4105C1759A8DE7 /* AudioEngine.swift in Sources */ = {isa = PBXBuildFile; fileRef = BCDBF2BE926B571A91E88911 /* AudioEngine.swift */; };
/* End PBXBuildFile section */

/* Begin PBXContainerItemProxy section */
		AAC99C65ED2C13A4D2163839 /* PBXContainerItemProxy */ = {
			isa = PBXContainerItemProxy;
			containerPortal = 26626316492833437DCB1036 /* Project object */;
			proxyType = 1;
			remoteGlobalIDString = 1928328D79ABB76D1EC3A648;
			remoteInfo = ThePlayer;
		};
/* End PBXContainerItemProxy section */

/* Begin PBXFileReference section */
		19B55712F4D61219172D2654 /* ThePlayer.app */ = {isa = PBXFileReference; explicitFileType = wrapper.application; includeInIndex = 0; path = ThePlayer.app; sourceTree = BUILT_PRODUCTS_DIR; };
		1AB80366F01A6405A511CD73 /* LoopRegion.swift */ = {isa = PBXFileReference; lastKnownFileType = sourcecode.swift; path = LoopRegion.swift; sourceTree = "<group>"; };
		2186B684F94740C4334F974F /* ContentView.swift */ = {isa = PBXFileReference; lastKnownFileType = sourcecode.swift; path = ContentView.swift; sourceTree = "<group>"; };
		25E6BE5FCB69D04322BDEA0A /* ThePlayerTests.swift */ = {isa = PBXFileReference; lastKnownFileType = sourcecode.swift; path = ThePlayerTests.swift; sourceTree = "<group>"; };
		4F1524C5706C8153F2068B56 /* TrackAnalysisTests.swift */ = {isa = PBXFileReference; lastKnownFileType = sourcecode.swift; path = TrackAnalysisTests.swift; sourceTree = "<group>"; };
		521777D67BC2502BC0D6E99F /* AudioEngineTests.swift */ = {isa = PBXFileReference; lastKnownFileType = sourcecode.swift; path = AudioEngineTests.swift; sourceTree = "<group>"; };
		6AB8B7EC78716DFB858C2274 /* AudioSection.swift */ = {isa = PBXFileReference; lastKnownFileType = sourcecode.swift; path = AudioSection.swift; sourceTree = "<group>"; };
		7A5D5329004D98673486A598 /* TrackAnalysis.swift */ = {isa = PBXFileReference; lastKnownFileType = sourcecode.swift; path = TrackAnalysis.swift; sourceTree = "<group>"; };
		9C79D8D2FE894770473CC4CE /* ThePlayerApp.swift */ = {isa = PBXFileReference; lastKnownFileType = sourcecode.swift; path = ThePlayerApp.swift; sourceTree = "<group>"; };
		AB55C97EE8D9174F2C168E60 /* LoopRegionTests.swift */ = {isa = PBXFileReference; lastKnownFileType = sourcecode.swift; path = LoopRegionTests.swift; sourceTree = "<group>"; };
		BCDBF2BE926B571A91E88911 /* AudioEngine.swift */ = {isa = PBXFileReference; lastKnownFileType = sourcecode.swift; path = AudioEngine.swift; sourceTree = "<group>"; };
		D176EE181B6CB24E1860C08E /* ThePlayerTests.xctest */ = {isa = PBXFileReference; explicitFileType = wrapper.cfbundle; includeInIndex = 0; path = ThePlayerTests.xctest; sourceTree = BUILT_PRODUCTS_DIR; };
		F5FA6BAEA919480930036F64 /* ThePlayer-Bridging-Header.h */ = {isa = PBXFileReference; lastKnownFileType = sourcecode.c.h; path = "ThePlayer-Bridging-Header.h"; sourceTree = "<group>"; };
/* End PBXFileReference section */

/* Begin PBXGroup section */
		25DB8F84A04631400078BFE6 /* Audio */ = {
			isa = PBXGroup;
			children = (
				BCDBF2BE926B571A91E88911 /* AudioEngine.swift */,
			);
			path = Audio;
			sourceTree = "<group>";
		};
		32FBA92579DEB11E6CBE5453 /* Products */ = {
			isa = PBXGroup;
			children = (
				19B55712F4D61219172D2654 /* ThePlayer.app */,
				D176EE181B6CB24E1860C08E /* ThePlayerTests.xctest */,
			);
			name = Products;
			sourceTree = "<group>";
		};
		33C1FC8CCFBF9FC11DA9C91D /* Models */ = {
			isa = PBXGroup;
			children = (
				6AB8B7EC78716DFB858C2274 /* AudioSection.swift */,
				1AB80366F01A6405A511CD73 /* LoopRegion.swift */,
				7A5D5329004D98673486A598 /* TrackAnalysis.swift */,
			);
			path = Models;
			sourceTree = "<group>";
		};
		539E47E41B42256E98F163B1 /* ThePlayerTests */ = {
			isa = PBXGroup;
			children = (
				521777D67BC2502BC0D6E99F /* AudioEngineTests.swift */,
				AB55C97EE8D9174F2C168E60 /* LoopRegionTests.swift */,
				25E6BE5FCB69D04322BDEA0A /* ThePlayerTests.swift */,
				4F1524C5706C8153F2068B56 /* TrackAnalysisTests.swift */,
			);
			path = ThePlayerTests;
			sourceTree = "<group>";
		};
		6544C4598EF0BEC802A1AA71 /* Views */ = {
			isa = PBXGroup;
			children = (
				2186B684F94740C4334F974F /* ContentView.swift */,
			);
			path = Views;
			sourceTree = "<group>";
		};
		E2F7B5263CB51C093428696C = {
			isa = PBXGroup;
			children = (
				E3E7F07F61DED932AF0088BC /* ThePlayer */,
				539E47E41B42256E98F163B1 /* ThePlayerTests */,
				32FBA92579DEB11E6CBE5453 /* Products */,
			);
			sourceTree = "<group>";
		};
		E3E7F07F61DED932AF0088BC /* ThePlayer */ = {
			isa = PBXGroup;
			children = (
				F5FA6BAEA919480930036F64 /* ThePlayer-Bridging-Header.h */,
				9C79D8D2FE894770473CC4CE /* ThePlayerApp.swift */,
				25DB8F84A04631400078BFE6 /* Audio */,
				33C1FC8CCFBF9FC11DA9C91D /* Models */,
				6544C4598EF0BEC802A1AA71 /* Views */,
			);
			path = ThePlayer;
			sourceTree = "<group>";
		};
/* End PBXGroup section */

/* Begin PBXNativeTarget section */
		1928328D79ABB76D1EC3A648 /* ThePlayer */ = {
			isa = PBXNativeTarget;
			buildConfigurationList = EA2B5E10592C7F028EE15B9A /* Build configuration list for PBXNativeTarget "ThePlayer" */;
			buildPhases = (
				774F0249FACD6822EA05DE8F /* Sources */,
			);
			buildRules = (
			);
			dependencies = (
			);
			name = ThePlayer;
			packageProductDependencies = (
			);
			productName = ThePlayer;
			productReference = 19B55712F4D61219172D2654 /* ThePlayer.app */;
			productType = "com.apple.product-type.application";
		};
		702CD5DC44FAF6B863DAC1C7 /* ThePlayerTests */ = {
			isa = PBXNativeTarget;
			buildConfigurationList = 93841CC138964DC9694D7094 /* Build configuration list for PBXNativeTarget "ThePlayerTests" */;
			buildPhases = (
				034A3B83EE8509C4018E75B0 /* Sources */,
			);
			buildRules = (
			);
			dependencies = (
				0062AF6B5B7AE291898134B6 /* PBXTargetDependency */,
			);
			name = ThePlayerTests;
			packageProductDependencies = (
			);
			productName = ThePlayerTests;
			productReference = D176EE181B6CB24E1860C08E /* ThePlayerTests.xctest */;
			productType = "com.apple.product-type.bundle.unit-test";
		};
/* End PBXNativeTarget section */

/* Begin PBXProject section */
		26626316492833437DCB1036 /* Project object */ = {
			isa = PBXProject;
			attributes = {
				BuildIndependentTargetsInParallel = YES;
				LastUpgradeCheck = 1500;
				TargetAttributes = {
				};
			};
			buildConfigurationList = 99E0A3FA60EA73B088E17D1A /* Build configuration list for PBXProject "ThePlayer" */;
			developmentRegion = en;
			hasScannedForEncodings = 0;
			knownRegions = (
				Base,
				en,
			);
			mainGroup = E2F7B5263CB51C093428696C;
			minimizedProjectReferenceProxies = 1;
			preferredProjectObjectVersion = 77;
			productRefGroup = 32FBA92579DEB11E6CBE5453 /* Products */;
			projectDirPath = "";
			projectRoot = "";
			targets = (
				1928328D79ABB76D1EC3A648 /* ThePlayer */,
				702CD5DC44FAF6B863DAC1C7 /* ThePlayerTests */,
			);
		};
/* End PBXProject section */

/* Begin PBXSourcesBuildPhase section */
		034A3B83EE8509C4018E75B0 /* Sources */ = {
			isa = PBXSourcesBuildPhase;
			buildActionMask = 2147483647;
			files = (
				2791E14F3AC460B2BEE28B85 /* AudioEngineTests.swift in Sources */,
				A44ABC5715449232881FEF2A /* LoopRegionTests.swift in Sources */,
				CAD3D2C0E3CD0C4850EFE74C /* ThePlayerTests.swift in Sources */,
				170566C85314AC4A2FEB46DE /* TrackAnalysisTests.swift in Sources */,
			);
			runOnlyForDeploymentPostprocessing = 0;
		};
		774F0249FACD6822EA05DE8F /* Sources */ = {
			isa = PBXSourcesBuildPhase;
			buildActionMask = 2147483647;
			files = (
				FD2097AFCF4105C1759A8DE7 /* AudioEngine.swift in Sources */,
				785D10F3EC93D4386E6E18F9 /* AudioSection.swift in Sources */,
				34FF45C280143157A0857F52 /* ContentView.swift in Sources */,
				3A4562BC8654BD495DE7A77C /* LoopRegion.swift in Sources */,
				FA4E61AC6A7BC183DF97D905 /* ThePlayerApp.swift in Sources */,
				C339330ACCB11423558D7164 /* TrackAnalysis.swift in Sources */,
			);
			runOnlyForDeploymentPostprocessing = 0;
		};
/* End PBXSourcesBuildPhase section */

/* Begin PBXTargetDependency section */
		0062AF6B5B7AE291898134B6 /* PBXTargetDependency */ = {
			isa = PBXTargetDependency;
			target = 1928328D79ABB76D1EC3A648 /* ThePlayer */;
			targetProxy = AAC99C65ED2C13A4D2163839 /* PBXContainerItemProxy */;
		};
/* End PBXTargetDependency section */

/* Begin XCBuildConfiguration section */
		3985187BDE4BF94014DFCDE0 /* Release */ = {
			isa = XCBuildConfiguration;
			buildSettings = {
				ASSETCATALOG_COMPILER_APPICON_NAME = AppIcon;
				COMBINE_HIDPI_IMAGES = YES;
				GENERATE_INFOPLIST_FILE = YES;
				INFOPLIST_VALUES = "[\"CFBundleShortVersionString\": \"1.0\", \"LSMinimumSystemVersion\": \"14.0\", \"CFBundleDisplayName\": \"The Player\", \"CFBundleVersion\": \"1\"]";
				LD_RUNPATH_SEARCH_PATHS = (
					"$(inherited)",
					"@executable_path/../Frameworks",
				);
				PRODUCT_BUNDLE_IDENTIFIER = com.theplayer.app;
				PRODUCT_MODULE_NAME = ThePlayer;
				PRODUCT_NAME = "The Player";
				SDKROOT = macosx;
				SWIFT_OBJC_BRIDGING_HEADER = "ThePlayer/ThePlayer-Bridging-Header.h";
			};
			name = Release;
		};
		3DA4ADAC1359C41CB3C30B64 /* Release */ = {
			isa = XCBuildConfiguration;
			buildSettings = {
				ALWAYS_SEARCH_USER_PATHS = NO;
				CLANG_ANALYZER_NONNULL = YES;
				CLANG_ANALYZER_NUMBER_OBJECT_CONVERSION = YES_AGGRESSIVE;
				CLANG_CXX_LANGUAGE_STANDARD = "gnu++14";
				CLANG_CXX_LIBRARY = "libc++";
				CLANG_ENABLE_MODULES = YES;
				CLANG_ENABLE_OBJC_ARC = YES;
				CLANG_ENABLE_OBJC_WEAK = YES;
				CLANG_WARN_BLOCK_CAPTURE_AUTORELEASING = YES;
				CLANG_WARN_BOOL_CONVERSION = YES;
				CLANG_WARN_COMMA = YES;
				CLANG_WARN_CONSTANT_CONVERSION = YES;
				CLANG_WARN_DEPRECATED_OBJC_IMPLEMENTATIONS = YES;
				CLANG_WARN_DIRECT_OBJC_ISA_USAGE = YES_ERROR;
				CLANG_WARN_DOCUMENTATION_COMMENTS = YES;
				CLANG_WARN_EMPTY_BODY = YES;
				CLANG_WARN_ENUM_CONVERSION = YES;
				CLANG_WARN_INFINITE_RECURSION = YES;
				CLANG_WARN_INT_CONVERSION = YES;
				CLANG_WARN_NON_LITERAL_NULL_CONVERSION = YES;
				CLANG_WARN_OBJC_IMPLICIT_RETAIN_SELF = YES;
				CLANG_WARN_OBJC_LITERAL_CONVERSION = YES;
				CLANG_WARN_OBJC_ROOT_CLASS = YES_ERROR;
				CLANG_WARN_QUOTED_INCLUDE_IN_FRAMEWORK_HEADER = YES;
				CLANG_WARN_RANGE_LOOP_ANALYSIS = YES;
				CLANG_WARN_STRICT_PROTOTYPES = YES;
				CLANG_WARN_SUSPICIOUS_MOVE = YES;
				CLANG_WARN_UNGUARDED_AVAILABILITY = YES_AGGRESSIVE;
				CLANG_WARN_UNREACHABLE_CODE = YES;
				CLANG_WARN__DUPLICATE_METHOD_MATCH = YES;
				COPY_PHASE_STRIP = NO;
				DEBUG_INFORMATION_FORMAT = "dwarf-with-dsym";
				ENABLE_NS_ASSERTIONS = NO;
				ENABLE_STRICT_OBJC_MSGSEND = YES;
				GCC_C_LANGUAGE_STANDARD = gnu11;
				GCC_NO_COMMON_BLOCKS = YES;
				GCC_WARN_64_TO_32_BIT_CONVERSION = YES;
				GCC_WARN_ABOUT_RETURN_TYPE = YES_ERROR;
				GCC_WARN_UNDECLARED_SELECTOR = YES;
				GCC_WARN_UNINITIALIZED_AUTOS = YES_AGGRESSIVE;
				GCC_WARN_UNUSED_FUNCTION = YES;
				GCC_WARN_UNUSED_VARIABLE = YES;
				MACOSX_DEPLOYMENT_TARGET = 14.0;
				MTL_ENABLE_DEBUG_INFO = NO;
				MTL_FAST_MATH = YES;
				PRODUCT_NAME = "$(TARGET_NAME)";
				SDKROOT = macosx;
				SWIFT_COMPILATION_MODE = wholemodule;
				SWIFT_OPTIMIZATION_LEVEL = "-O";
				SWIFT_VERSION = 5.9;
			};
			name = Release;
		};
		4557559AB812AEE82295F993 /* Debug */ = {
			isa = XCBuildConfiguration;
			buildSettings = {
				ASSETCATALOG_COMPILER_APPICON_NAME = AppIcon;
				COMBINE_HIDPI_IMAGES = YES;
				GENERATE_INFOPLIST_FILE = YES;
				INFOPLIST_VALUES = "[\"CFBundleShortVersionString\": \"1.0\", \"LSMinimumSystemVersion\": \"14.0\", \"CFBundleDisplayName\": \"The Player\", \"CFBundleVersion\": \"1\"]";
				LD_RUNPATH_SEARCH_PATHS = (
					"$(inherited)",
					"@executable_path/../Frameworks",
				);
				PRODUCT_BUNDLE_IDENTIFIER = com.theplayer.app;
				PRODUCT_MODULE_NAME = ThePlayer;
				PRODUCT_NAME = "The Player";
				SDKROOT = macosx;
				SWIFT_OBJC_BRIDGING_HEADER = "ThePlayer/ThePlayer-Bridging-Header.h";
			};
			name = Debug;
		};
		6FEB3873A7794A8FE67A4746 /* Debug */ = {
			isa = XCBuildConfiguration;
			buildSettings = {
				ALWAYS_SEARCH_USER_PATHS = NO;
				CLANG_ANALYZER_NONNULL = YES;
				CLANG_ANALYZER_NUMBER_OBJECT_CONVERSION = YES_AGGRESSIVE;
				CLANG_CXX_LANGUAGE_STANDARD = "gnu++14";
				CLANG_CXX_LIBRARY = "libc++";
				CLANG_ENABLE_MODULES = YES;
				CLANG_ENABLE_OBJC_ARC = YES;
				CLANG_ENABLE_OBJC_WEAK = YES;
				CLANG_WARN_BLOCK_CAPTURE_AUTORELEASING = YES;
				CLANG_WARN_BOOL_CONVERSION = YES;
				CLANG_WARN_COMMA = YES;
				CLANG_WARN_CONSTANT_CONVERSION = YES;
				CLANG_WARN_DEPRECATED_OBJC_IMPLEMENTATIONS = YES;
				CLANG_WARN_DIRECT_OBJC_ISA_USAGE = YES_ERROR;
				CLANG_WARN_DOCUMENTATION_COMMENTS = YES;
				CLANG_WARN_EMPTY_BODY = YES;
				CLANG_WARN_ENUM_CONVERSION = YES;
				CLANG_WARN_INFINITE_RECURSION = YES;
				CLANG_WARN_INT_CONVERSION = YES;
				CLANG_WARN_NON_LITERAL_NULL_CONVERSION = YES;
				CLANG_WARN_OBJC_IMPLICIT_RETAIN_SELF = YES;
				CLANG_WARN_OBJC_LITERAL_CONVERSION = YES;
				CLANG_WARN_OBJC_ROOT_CLASS = YES_ERROR;
				CLANG_WARN_QUOTED_INCLUDE_IN_FRAMEWORK_HEADER = YES;
				CLANG_WARN_RANGE_LOOP_ANALYSIS = YES;
				CLANG_WARN_STRICT_PROTOTYPES = YES;
				CLANG_WARN_SUSPICIOUS_MOVE = YES;
				CLANG_WARN_UNGUARDED_AVAILABILITY = YES_AGGRESSIVE;
				CLANG_WARN_UNREACHABLE_CODE = YES;
				CLANG_WARN__DUPLICATE_METHOD_MATCH = YES;
				COPY_PHASE_STRIP = NO;
				DEBUG_INFORMATION_FORMAT = dwarf;
				ENABLE_STRICT_OBJC_MSGSEND = YES;
				ENABLE_TESTABILITY = YES;
				GCC_C_LANGUAGE_STANDARD = gnu11;
				GCC_DYNAMIC_NO_PIC = NO;
				GCC_NO_COMMON_BLOCKS = YES;
				GCC_OPTIMIZATION_LEVEL = 0;
				GCC_PREPROCESSOR_DEFINITIONS = (
					"$(inherited)",
					"DEBUG=1",
				);
				GCC_WARN_64_TO_32_BIT_CONVERSION = YES;
				GCC_WARN_ABOUT_RETURN_TYPE = YES_ERROR;
				GCC_WARN_UNDECLARED_SELECTOR = YES;
				GCC_WARN_UNINITIALIZED_AUTOS = YES_AGGRESSIVE;
				GCC_WARN_UNUSED_FUNCTION = YES;
				GCC_WARN_UNUSED_VARIABLE = YES;
				MACOSX_DEPLOYMENT_TARGET = 14.0;
				MTL_ENABLE_DEBUG_INFO = INCLUDE_SOURCE;
				MTL_FAST_MATH = YES;
				ONLY_ACTIVE_ARCH = YES;
				PRODUCT_NAME = "$(TARGET_NAME)";
				SDKROOT = macosx;
				SWIFT_ACTIVE_COMPILATION_CONDITIONS = DEBUG;
				SWIFT_OPTIMIZATION_LEVEL = "-Onone";
				SWIFT_VERSION = 5.9;
			};
			name = Debug;
		};
		7854A2077927F14C0FA77075 /* Release */ = {
			isa = XCBuildConfiguration;
			buildSettings = {
				BUNDLE_LOADER = "$(TEST_HOST)";
				COMBINE_HIDPI_IMAGES = YES;
				GENERATE_INFOPLIST_FILE = YES;
				LD_RUNPATH_SEARCH_PATHS = (
					"$(inherited)",
					"@executable_path/../Frameworks",
					"@loader_path/../Frameworks",
				);
				PRODUCT_BUNDLE_IDENTIFIER = com.theplayer.tests;
				SDKROOT = macosx;
				TEST_HOST = "$(BUILT_PRODUCTS_DIR)/The Player.app/Contents/MacOS/The Player";
			};
			name = Release;
		};
		8B5B8012049B68B9D5258DE7 /* Debug */ = {
			isa = XCBuildConfiguration;
			buildSettings = {
				BUNDLE_LOADER = "$(TEST_HOST)";
				COMBINE_HIDPI_IMAGES = YES;
				GENERATE_INFOPLIST_FILE = YES;
				LD_RUNPATH_SEARCH_PATHS = (
					"$(inherited)",
					"@executable_path/../Frameworks",
					"@loader_path/../Frameworks",
				);
				PRODUCT_BUNDLE_IDENTIFIER = com.theplayer.tests;
				SDKROOT = macosx;
				TEST_HOST = "$(BUILT_PRODUCTS_DIR)/The Player.app/Contents/MacOS/The Player";
			};
			name = Debug;
		};
/* End XCBuildConfiguration section */

/* Begin XCConfigurationList section */
		93841CC138964DC9694D7094 /* Build configuration list for PBXNativeTarget "ThePlayerTests" */ = {
			isa = XCConfigurationList;
			buildConfigurations = (
				8B5B8012049B68B9D5258DE7 /* Debug */,
				7854A2077927F14C0FA77075 /* Release */,
			);
			defaultConfigurationIsVisible = 0;
			defaultConfigurationName = Debug;
		};
		99E0A3FA60EA73B088E17D1A /* Build configuration list for PBXProject "ThePlayer" */ = {
			isa = XCConfigurationList;
			buildConfigurations = (
				6FEB3873A7794A8FE67A4746 /* Debug */,
				3DA4ADAC1359C41CB3C30B64 /* Release */,
			);
			defaultConfigurationIsVisible = 0;
			defaultConfigurationName = Debug;
		};
		EA2B5E10592C7F028EE15B9A /* Build configuration list for PBXNativeTarget "ThePlayer" */ = {
			isa = XCConfigurationList;
			buildConfigurations = (
				4557559AB812AEE82295F993 /* Debug */,
				3985187BDE4BF94014DFCDE0 /* Release */,
			);
			defaultConfigurationIsVisible = 0;
			defaultConfigurationName = Debug;
		};
/* End XCConfigurationList section */
	};
	rootObject = 26626316492833437DCB1036 /* Project object */;
}
